
Microsoft Visual Studio Solution File, Format Version 12.00
# Visual Studio 14
VisualStudioVersion = 14.0.25123.0
MinimumVisualStudioVersion = 10.0.40219.1
Project("{FAE04EC0-301F-11D3-BF4B-00C04F79EFBC}") = "Rop", "src\Rop\Rop.csproj", "{7E926B47-F66A-4C46-96AC-734A6F601C32}"
EndProject
Project("{FAE04EC0-301F-11D3-BF4B-00C04F79EFBC}") = "Rop.Tests", "src\Rop.Tests\Rop.Tests.csproj", "{18256403-4606-4F7F-835E-B6FF3A121370}"
EndProject
Project("{FAE04EC0-301F-11D3-BF4B-00C04F79EFBC}") = "Rop.Examples", "src\Rop.Examples\Rop.Examples.csproj", "{8D309340-A98A-466A-B863-A58841F281A4}"
EndProject
Global
	GlobalSection(SolutionConfigurationPlatforms) = preSolution
		Debug|Any CPU = Debug|Any CPU
		Release|Any CPU = Release|Any CPU
	EndGlobalSection
	GlobalSection(ProjectConfigurationPlatforms) = postSolution
		{7E926B47-F66A-4C46-96AC-734A6F601C32}.Debug|Any CPU.ActiveCfg = Debug|Any CPU
		{7E926B47-F66A-4C46-96AC-734A6F601C32}.Debug|Any CPU.Build.0 = Debug|Any CPU
		{7E926B47-F66A-4C46-96AC-734A6F601C32}.Release|Any CPU.ActiveCfg = Release|Any CPU
		{7E926B47-F66A-4C46-96AC-734A6F601C32}.Release|Any CPU.Build.0 = Release|Any CPU
		{18256403-4606-4F7F-835E-B6FF3A121370}.Debug|Any CPU.ActiveCfg = Debug|Any CPU
		{18256403-4606-4F7F-835E-B6FF3A121370}.Debug|Any CPU.Build.0 = Debug|Any CPU
		{18256403-4606-4F7F-835E-B6FF3A121370}.Release|Any CPU.ActiveCfg = Release|Any CPU
		{18256403-4606-4F7F-835E-B6FF3A121370}.Release|Any CPU.Build.0 = Release|Any CPU
		{8D309340-A98A-466A-B863-A58841F281A4}.Debug|Any CPU.ActiveCfg = Debug|Any CPU
		{8D309340-A98A-466A-B863-A58841F281A4}.Debug|Any CPU.Build.0 = Debug|Any CPU
		{8D309340-A98A-466A-B863-A58841F281A4}.Release|Any CPU.ActiveCfg = Release|Any CPU
		{8D309340-A98A-466A-B863-A58841F281A4}.Release|Any CPU.Build.0 = Release|Any CPU
	EndGlobalSection
	GlobalSection(SolutionProperties) = preSolution
		HideSolutionNode = FALSE
	EndGlobalSection
EndGlobal
